
Microsoft Visual Studio Solution File, Format Version 12.00
# Visual Studio Version 17
VisualStudioVersion = 17.2.32519.379
MinimumVisualStudioVersion = 10.0.40219.1
Project("{9A19103F-16F7-4668-BE54-9A1E7A4F7556}") = "Westwind.Webstore.Web", "Westwind.Webstore.Web\Westwind.Webstore.Web.csproj", "{8658D30B-DD39-426C-9F5F-F12BAD8006AD}"
EndProject
Project("{9A19103F-16F7-4668-BE54-9A1E7A4F7556}") = "Westwind.Webstore.Business", "Westwind.Webstore.Business\Westwind.Webstore.Business.csproj", "{17BE185F-693E-443B-BB0F-5D3C495FA066}"
EndProject
Project("{9A19103F-16F7-4668-BE54-9A1E7A4F7556}") = "Westwind.WebStore.Business.Test", "Westwind.WebStore.Business.Test\Westwind.WebStore.Business.Test.csproj", "{FD5041FE-909D-43D8-87F4-19B6C9256E99}"
EndProject
Project("{2150E333-8FDC-42A3-9474-1A3956D46DE8}") = "Solution Items", "Solution Items", "{E1BEE474-8E66-41AF-813D-533FB1F0C997}"
	ProjectSection(SolutionItems) = preProject
		.editorconfig = .editorconfig
		.gitignore = .gitignore
		Westwind.Webstore.Business\Migrations.md = Westwind.Webstore.Business\Migrations.md
		README.md = README.md
		TODO.md = TODO.md
		Westwind.Webstore.Web\WebStoreAdminService.websurge = Westwind.Webstore.Web\WebStoreAdminService.websurge
	EndProjectSection
EndProject
Project("{2150E333-8FDC-42A3-9474-1A3956D46DE8}") = "LibrariesAndTests", "LibrariesAndTests", "{9963D622-0E91-4636-B25E-7C52D3BCB196}"
EndProject
Project("{9A19103F-16F7-4668-BE54-9A1E7A4F7556}") = "Westwind.AspNetCore", "..\Westwind.AspNetCore\Westwind.AspNetCore\Westwind.AspNetCore.csproj", "{DAF45515-4228-4626-8389-972F73D38497}"
EndProject
Project("{9A19103F-16F7-4668-BE54-9A1E7A4F7556}") = "Westwind.Data.EfCore", "..\Westwind.Data.EfCore\Westwind.Data.EfCore\Westwind.Data.EfCore.csproj", "{92CBF04E-BCBC-465D-A1BA-A1EFF3F974EB}"
EndProject
Project("{9A19103F-16F7-4668-BE54-9A1E7A4F7556}") = "Westwind.Utilities", "..\Westwind.Utilities\Westwind.Utilities\Westwind.Utilities.csproj", "{432C907D-77CF-4913-982B-5017D153507D}"
EndProject
Project("{9A19103F-16F7-4668-BE54-9A1E7A4F7556}") = "Westwind.Utilities.Data", "..\Westwind.Utilities\Westwind.Utilities.Data\Westwind.Utilities.Data.csproj", "{0317E831-63FC-4D3E-9B7F-86C8AAB56A28}"
EndProject
Project("{00D1A9C2-B5F0-4AF3-8072-F6C62B433612}") = "WebStoreDatabase", "WebStoreDatabase\WebStoreDatabase.sqlproj", "{F66FE9CD-3956-40C0-947B-DBA378357A9F}"
EndProject
Project("{9A19103F-16F7-4668-BE54-9A1E7A4F7556}") = "Westwind.AspNetCore.Markdown", "..\Westwind.AspNetCore.Markdown\Westwind.AspNetCore.Markdown\Westwind.AspNetCore.Markdown.csproj", "{6F177348-48EE-4073-9668-DF2564E31667}"
EndProject
Project("{9A19103F-16F7-4668-BE54-9A1E7A4F7556}") = "Westwind.CreditCardProcessing", "Westwind.CreditCardProcessing\Westwind.CreditCardProcessing\Westwind.CreditCardProcessing.csproj", "{C10B40F6-25B2-4D06-A252-639ED5F729A1}"
EndProject
Global
	GlobalSection(SolutionConfigurationPlatforms) = preSolution
		Debug|Any CPU = Debug|Any CPU
		Release|Any CPU = Release|Any CPU
	EndGlobalSection
	GlobalSection(ProjectConfigurationPlatforms) = postSolution
		{8658D30B-DD39-426C-9F5F-F12BAD8006AD}.Debug|Any CPU.ActiveCfg = Debug|Any CPU
		{8658D30B-DD39-426C-9F5F-F12BAD8006AD}.Debug|Any CPU.Build.0 = Debug|Any CPU
		{8658D30B-DD39-426C-9F5F-F12BAD8006AD}.Release|Any CPU.ActiveCfg = Release|Any CPU
		{8658D30B-DD39-426C-9F5F-F12BAD8006AD}.Release|Any CPU.Build.0 = Release|Any CPU
		{17BE185F-693E-443B-BB0F-5D3C495FA066}.Debug|Any CPU.ActiveCfg = Debug|Any CPU
		{17BE185F-693E-443B-BB0F-5D3C495FA066}.Debug|Any CPU.Build.0 = Debug|Any CPU
		{17BE185F-693E-443B-BB0F-5D3C495FA066}.Release|Any CPU.ActiveCfg = Release|Any CPU
		{17BE185F-693E-443B-BB0F-5D3C495FA066}.Release|Any CPU.Build.0 = Release|Any CPU
		{FD5041FE-909D-43D8-87F4-19B6C9256E99}.Debug|Any CPU.ActiveCfg = Debug|Any CPU
		{FD5041FE-909D-43D8-87F4-19B6C9256E99}.Debug|Any CPU.Build.0 = Debug|Any CPU
		{FD5041FE-909D-43D8-87F4-19B6C9256E99}.Release|Any CPU.ActiveCfg = Release|Any CPU
		{FD5041FE-909D-43D8-87F4-19B6C9256E99}.Release|Any CPU.Build.0 = Release|Any CPU
		{DAF45515-4228-4626-8389-972F73D38497}.Debug|Any CPU.ActiveCfg = Debug|Any CPU
		{DAF45515-4228-4626-8389-972F73D38497}.Debug|Any CPU.Build.0 = Debug|Any CPU
		{DAF45515-4228-4626-8389-972F73D38497}.Release|Any CPU.ActiveCfg = Release|Any CPU
		{DAF45515-4228-4626-8389-972F73D38497}.Release|Any CPU.Build.0 = Release|Any CPU
		{92CBF04E-BCBC-465D-A1BA-A1EFF3F974EB}.Debug|Any CPU.ActiveCfg = Debug|Any CPU
		{92CBF04E-BCBC-465D-A1BA-A1EFF3F974EB}.Debug|Any CPU.Build.0 = Debug|Any CPU
		{92CBF04E-BCBC-465D-A1BA-A1EFF3F974EB}.Release|Any CPU.ActiveCfg = Release|Any CPU
		{92CBF04E-BCBC-465D-A1BA-A1EFF3F974EB}.Release|Any CPU.Build.0 = Release|Any CPU
		{432C907D-77CF-4913-982B-5017D153507D}.Debug|Any CPU.ActiveCfg = Debug|Any CPU
		{432C907D-77CF-4913-982B-5017D153507D}.Debug|Any CPU.Build.0 = Debug|Any CPU
		{432C907D-77CF-4913-982B-5017D153507D}.Release|Any CPU.ActiveCfg = Release|Any CPU
		{432C907D-77CF-4913-982B-5017D153507D}.Release|Any CPU.Build.0 = Release|Any CPU
		{0317E831-63FC-4D3E-9B7F-86C8AAB56A28}.Debug|Any CPU.ActiveCfg = Debug|Any CPU
		{0317E831-63FC-4D3E-9B7F-86C8AAB56A28}.Debug|Any CPU.Build.0 = Debug|Any CPU
		{0317E831-63FC-4D3E-9B7F-86C8AAB56A28}.Release|Any CPU.ActiveCfg = Release|Any CPU
		{0317E831-63FC-4D3E-9B7F-86C8AAB56A28}.Release|Any CPU.Build.0 = Release|Any CPU
		{F66FE9CD-3956-40C0-947B-DBA378357A9F}.Debug|Any CPU.ActiveCfg = Debug|Any CPU
		{F66FE9CD-3956-40C0-947B-DBA378357A9F}.Debug|Any CPU.Build.0 = Debug|Any CPU
		{F66FE9CD-3956-40C0-947B-DBA378357A9F}.Debug|Any CPU.Deploy.0 = Debug|Any CPU
		{F66FE9CD-3956-40C0-947B-DBA378357A9F}.Release|Any CPU.ActiveCfg = Release|Any CPU
		{F66FE9CD-3956-40C0-947B-DBA378357A9F}.Release|Any CPU.Build.0 = Release|Any CPU
		{F66FE9CD-3956-40C0-947B-DBA378357A9F}.Release|Any CPU.Deploy.0 = Release|Any CPU
		{6F177348-48EE-4073-9668-DF2564E31667}.Debug|Any CPU.ActiveCfg = Debug|Any CPU
		{6F177348-48EE-4073-9668-DF2564E31667}.Debug|Any CPU.Build.0 = Debug|Any CPU
		{6F177348-48EE-4073-9668-DF2564E31667}.Release|Any CPU.ActiveCfg = Release|Any CPU
		{6F177348-48EE-4073-9668-DF2564E31667}.Release|Any CPU.Build.0 = Release|Any CPU
		{C10B40F6-25B2-4D06-A252-639ED5F729A1}.Debug|Any CPU.ActiveCfg = Debug|Any CPU
		{C10B40F6-25B2-4D06-A252-639ED5F729A1}.Debug|Any CPU.Build.0 = Debug|Any CPU
		{C10B40F6-25B2-4D06-A252-639ED5F729A1}.Release|Any CPU.ActiveCfg = Release|Any CPU
		{C10B40F6-25B2-4D06-A252-639ED5F729A1}.Release|Any CPU.Build.0 = Release|Any CPU
	EndGlobalSection
	GlobalSection(SolutionProperties) = preSolution
		HideSolutionNode = FALSE
	EndGlobalSection
	GlobalSection(NestedProjects) = preSolution
		{FD5041FE-909D-43D8-87F4-19B6C9256E99} = {9963D622-0E91-4636-B25E-7C52D3BCB196}
		{9963D622-0E91-4636-B25E-7C52D3BCB196} = {E1BEE474-8E66-41AF-813D-533FB1F0C997}
		{DAF45515-4228-4626-8389-972F73D38497} = {9963D622-0E91-4636-B25E-7C52D3BCB196}
		{92CBF04E-BCBC-465D-A1BA-A1EFF3F974EB} = {9963D622-0E91-4636-B25E-7C52D3BCB196}
		{432C907D-77CF-4913-982B-5017D153507D} = {9963D622-0E91-4636-B25E-7C52D3BCB196}
		{0317E831-63FC-4D3E-9B7F-86C8AAB56A28} = {9963D622-0E91-4636-B25E-7C52D3BCB196}
		{F66FE9CD-3956-40C0-947B-DBA378357A9F} = {E1BEE474-8E66-41AF-813D-533FB1F0C997}
		{6F177348-48EE-4073-9668-DF2564E31667} = {9963D622-0E91-4636-B25E-7C52D3BCB196}
		{C10B40F6-25B2-4D06-A252-639ED5F729A1} = {9963D622-0E91-4636-B25E-7C52D3BCB196}
	EndGlobalSection
	GlobalSection(ExtensibilityGlobals) = postSolution
		SolutionGuid = {550943C1-D5D6-4368-A5D6-43ED7F2F1DA6}
	EndGlobalSection
EndGlobal
