
Microsoft Visual Studio Solution File, Format Version 12.00
# Visual Studio Version 17
VisualStudioVersion = 17.5.002.0
MinimumVisualStudioVersion = 10.0.40219.1
Project("{9A19103F-16F7-4668-BE54-9A1E7A4F7556}") = "Westwind.Webstore.Web", "Westwind.Webstore.Web.csproj", "{154802F9-D4D4-4B91-9CB5-A523A47F1DDE}"
EndProject
Global
	GlobalSection(SolutionConfigurationPlatforms) = preSolution
		Debug|Any CPU = Debug|Any CPU
		Release|Any CPU = Release|Any CPU
	EndGlobalSection
	GlobalSection(ProjectConfigurationPlatforms) = postSolution
		{154802F9-D4D4-4B91-9CB5-A523A47F1DDE}.Debug|Any CPU.ActiveCfg = Debug|Any CPU
		{154802F9-D4D4-4B91-9CB5-A523A47F1DDE}.Debug|Any CPU.Build.0 = Debug|Any CPU
		{154802F9-D4D4-4B91-9CB5-A523A47F1DDE}.Release|Any CPU.ActiveCfg = Release|Any CPU
		{154802F9-D4D4-4B91-9CB5-A523A47F1DDE}.Release|Any CPU.Build.0 = Release|Any CPU
	EndGlobalSection
	GlobalSection(SolutionProperties) = preSolution
		HideSolutionNode = FALSE
	EndGlobalSection
	GlobalSection(ExtensibilityGlobals) = postSolution
		SolutionGuid = {7B94F96A-DFCE-47F3-BF74-3707646C8D7D}
	EndGlobalSection
EndGlobal
